
Microsoft Visual Studio Solution File, Format Version 12.00
# Visual Studio 15
VisualStudioVersion = 15.0.28307.539
MinimumVisualStudioVersion = 10.0.40219.1
Project("{FAE04EC0-301F-11D3-BF4B-00C04F79EFBC}") = "ex3", "ex3\ex3.csproj", "{C102FC13-41DF-48A2-9BD5-1847091A19BC}"
EndProject
Global
	GlobalSection(SolutionConfigurationPlatforms) = preSolution
		Debug|Any CPU = Debug|Any CPU
		Release|Any CPU = Release|Any CPU
	EndGlobalSection
	GlobalSection(ProjectConfigurationPlatforms) = postSolution
		{C102FC13-41DF-48A2-9BD5-1847091A19BC}.Debug|Any CPU.ActiveCfg = Debug|Any CPU
		{C102FC13-41DF-48A2-9BD5-1847091A19BC}.Debug|Any CPU.Build.0 = Debug|Any CPU
		{C102FC13-41DF-48A2-9BD5-1847091A19BC}.Release|Any CPU.ActiveCfg = Release|Any CPU
		{C102FC13-41DF-48A2-9BD5-1847091A19BC}.Release|Any CPU.Build.0 = Release|Any CPU
	EndGlobalSection
	GlobalSection(SolutionProperties) = preSolution
		HideSolutionNode = FALSE
	EndGlobalSection
	GlobalSection(ExtensibilityGlobals) = postSolution
		SolutionGuid = {32CCF778-A4D0-49B2-8A54-1C3BBE9E55FD}
	EndGlobalSection
EndGlobal
